
Microsoft Visual Studio Solution File, Format Version 12.00
# Visual Studio Version 17
VisualStudioVersion = 17.4.33213.308
MinimumVisualStudioVersion = 10.0.40219.1
Project("{FAE04EC0-301F-11D3-BF4B-00C04F79EFBC}") = "MyFirstGit", "MyFirstGit.csproj", "{B6D99534-0869-4EC9-B3B8-81D9F726853C}"
EndProject
Global
	GlobalSection(SolutionConfigurationPlatforms) = preSolution
		Debug|Any CPU = Debug|Any CPU
		Release|Any CPU = Release|Any CPU
	EndGlobalSection
	GlobalSection(ProjectConfigurationPlatforms) = postSolution
		{B6D99534-0869-4EC9-B3B8-81D9F726853C}.Debug|Any CPU.ActiveCfg = Debug|Any CPU
		{B6D99534-0869-4EC9-B3B8-81D9F726853C}.Debug|Any CPU.Build.0 = Debug|Any CPU
		{B6D99534-0869-4EC9-B3B8-81D9F726853C}.Release|Any CPU.ActiveCfg = Release|Any CPU
		{B6D99534-0869-4EC9-B3B8-81D9F726853C}.Release|Any CPU.Build.0 = Release|Any CPU
	EndGlobalSection
	GlobalSection(SolutionProperties) = preSolution
		HideSolutionNode = FALSE
	EndGlobalSection
	GlobalSection(ExtensibilityGlobals) = postSolution
		SolutionGuid = {88F7E085-FC92-4D0A-B6A9-9980559EDE86}
	EndGlobalSection
EndGlobal
