
Microsoft Visual Studio Solution File, Format Version 12.00
# Visual Studio Version 17
VisualStudioVersion = 17.4.33213.308
MinimumVisualStudioVersion = 10.0.40219.1
Project("{FAE04EC0-301F-11D3-BF4B-00C04F79EFBC}") = "OOPMostenire.cs", "OOPMostenire.cs.csproj", "{48D53C56-CB74-4BF9-8883-78D9BA820916}"
EndProject
Global
	GlobalSection(SolutionConfigurationPlatforms) = preSolution
		Debug|Any CPU = Debug|Any CPU
		Release|Any CPU = Release|Any CPU
	EndGlobalSection
	GlobalSection(ProjectConfigurationPlatforms) = postSolution
		{48D53C56-CB74-4BF9-8883-78D9BA820916}.Debug|Any CPU.ActiveCfg = Debug|Any CPU
		{48D53C56-CB74-4BF9-8883-78D9BA820916}.Debug|Any CPU.Build.0 = Debug|Any CPU
		{48D53C56-CB74-4BF9-8883-78D9BA820916}.Release|Any CPU.ActiveCfg = Release|Any CPU
		{48D53C56-CB74-4BF9-8883-78D9BA820916}.Release|Any CPU.Build.0 = Release|Any CPU
	EndGlobalSection
	GlobalSection(SolutionProperties) = preSolution
		HideSolutionNode = FALSE
	EndGlobalSection
	GlobalSection(ExtensibilityGlobals) = postSolution
		SolutionGuid = {278D59D3-74BC-49ED-80CF-42D6F1278551}
	EndGlobalSection
EndGlobal
