
Microsoft Visual Studio Solution File, Format Version 12.00
# Visual Studio Version 17
VisualStudioVersion = 17.4.33213.308
MinimumVisualStudioVersion = 10.0.40219.1
Project("{FAE04EC0-301F-11D3-BF4B-00C04F79EFBC}") = "TestApi", "TestApi\TestApi.csproj", "{CF2DF37E-CE20-4BC7-82CE-CB76EA1C9103}"
EndProject
Global
	GlobalSection(SolutionConfigurationPlatforms) = preSolution
		Debug|Any CPU = Debug|Any CPU
		Release|Any CPU = Release|Any CPU
	EndGlobalSection
	GlobalSection(ProjectConfigurationPlatforms) = postSolution
		{CF2DF37E-CE20-4BC7-82CE-CB76EA1C9103}.Debug|Any CPU.ActiveCfg = Debug|Any CPU
		{CF2DF37E-CE20-4BC7-82CE-CB76EA1C9103}.Debug|Any CPU.Build.0 = Debug|Any CPU
		{CF2DF37E-CE20-4BC7-82CE-CB76EA1C9103}.Release|Any CPU.ActiveCfg = Release|Any CPU
		{CF2DF37E-CE20-4BC7-82CE-CB76EA1C9103}.Release|Any CPU.Build.0 = Release|Any CPU
	EndGlobalSection
	GlobalSection(SolutionProperties) = preSolution
		HideSolutionNode = FALSE
	EndGlobalSection
	GlobalSection(ExtensibilityGlobals) = postSolution
		SolutionGuid = {7E8C46CB-54F4-4CA2-BE79-AE1D5A9CEBE5}
	EndGlobalSection
EndGlobal
