
Microsoft Visual Studio Solution File, Format Version 12.00
# Visual Studio Version 17
VisualStudioVersion = 17.4.33213.308
MinimumVisualStudioVersion = 10.0.40219.1
Project("{FAE04EC0-301F-11D3-BF4B-00C04F79EFBC}") = "NumberGuesser", "NumberGuesser\NumberGuesser.csproj", "{1AE091D2-0CFE-4853-8E71-BF5E0BB7815D}"
EndProject
Global
	GlobalSection(SolutionConfigurationPlatforms) = preSolution
		Debug|Any CPU = Debug|Any CPU
		Release|Any CPU = Release|Any CPU
	EndGlobalSection
	GlobalSection(ProjectConfigurationPlatforms) = postSolution
		{1AE091D2-0CFE-4853-8E71-BF5E0BB7815D}.Debug|Any CPU.ActiveCfg = Debug|Any CPU
		{1AE091D2-0CFE-4853-8E71-BF5E0BB7815D}.Debug|Any CPU.Build.0 = Debug|Any CPU
		{1AE091D2-0CFE-4853-8E71-BF5E0BB7815D}.Release|Any CPU.ActiveCfg = Release|Any CPU
		{1AE091D2-0CFE-4853-8E71-BF5E0BB7815D}.Release|Any CPU.Build.0 = Release|Any CPU
	EndGlobalSection
	GlobalSection(SolutionProperties) = preSolution
		HideSolutionNode = FALSE
	EndGlobalSection
	GlobalSection(ExtensibilityGlobals) = postSolution
		SolutionGuid = {17E14117-9B2E-49BF-9A49-E877EF6BF708}
	EndGlobalSection
EndGlobal
