
Microsoft Visual Studio Solution File, Format Version 12.00
# Visual Studio Version 17
VisualStudioVersion = 17.4.33213.308
MinimumVisualStudioVersion = 10.0.40219.1
Project("{FAE04EC0-301F-11D3-BF4B-00C04F79EFBC}") = "SelfLearningMethod", "SelfLearningMethod.csproj", "{C34F986F-D900-45CB-96FA-1D92C5BC9581}"
EndProject
Global
	GlobalSection(SolutionConfigurationPlatforms) = preSolution
		Debug|Any CPU = Debug|Any CPU
		Release|Any CPU = Release|Any CPU
	EndGlobalSection
	GlobalSection(ProjectConfigurationPlatforms) = postSolution
		{C34F986F-D900-45CB-96FA-1D92C5BC9581}.Debug|Any CPU.ActiveCfg = Debug|Any CPU
		{C34F986F-D900-45CB-96FA-1D92C5BC9581}.Debug|Any CPU.Build.0 = Debug|Any CPU
		{C34F986F-D900-45CB-96FA-1D92C5BC9581}.Release|Any CPU.ActiveCfg = Release|Any CPU
		{C34F986F-D900-45CB-96FA-1D92C5BC9581}.Release|Any CPU.Build.0 = Release|Any CPU
	EndGlobalSection
	GlobalSection(SolutionProperties) = preSolution
		HideSolutionNode = FALSE
	EndGlobalSection
	GlobalSection(ExtensibilityGlobals) = postSolution
		SolutionGuid = {40284211-6B11-4A51-BDF6-F68FB2D63447}
	EndGlobalSection
EndGlobal
